
Microsoft Visual Studio Solution File, Format Version 12.00
# Visual Studio Version 16
VisualStudioVersion = 16.0.31205.134
MinimumVisualStudioVersion = 10.0.40219.1
Project("{FAE04EC0-301F-11D3-BF4B-00C04F79EFBC}") = "comPort", "comPort\comPort.csproj", "{4521B747-AEFC-4BFC-929E-C38F51F73039}"
EndProject
Global
	GlobalSection(SolutionConfigurationPlatforms) = preSolution
		Debug|Any CPU = Debug|Any CPU
		Release|Any CPU = Release|Any CPU
	EndGlobalSection
	GlobalSection(ProjectConfigurationPlatforms) = postSolution
		{4521B747-AEFC-4BFC-929E-C38F51F73039}.Debug|Any CPU.ActiveCfg = Debug|Any CPU
		{4521B747-AEFC-4BFC-929E-C38F51F73039}.Debug|Any CPU.Build.0 = Debug|Any CPU
		{4521B747-AEFC-4BFC-929E-C38F51F73039}.Release|Any CPU.ActiveCfg = Release|Any CPU
		{4521B747-AEFC-4BFC-929E-C38F51F73039}.Release|Any CPU.Build.0 = Release|Any CPU
	EndGlobalSection
	GlobalSection(SolutionProperties) = preSolution
		HideSolutionNode = FALSE
	EndGlobalSection
	GlobalSection(ExtensibilityGlobals) = postSolution
		SolutionGuid = {05A21769-1577-42D9-BFA1-A48AB2109935}
	EndGlobalSection
EndGlobal
